# THIS IS AN AUTOGENERATED FILE. DO NOT EDIT THIS FILE DIRECTLY.
# yarn lockfile v1


"@x-recon/fn@^2.0.0":
  version "2.0.0"
  resolved "https://registry.yarnpkg.com/@x-recon/fn/-/fn-2.0.0.tgz#371b8b1826a2ab3b2f40d53e07c0fe05b350d122"
  integrity sha512-//gDt4ua+oUX1X0JkFcdhTdBM4nhrtxIWV7CD4FiegqOk9XGWWOwU2fUBy+pB3XoBrK19a5jIfuva6fWruQFZg==
